// !$*UTF8*$!
{
	archiveVersion = 1;
	classes = {
	};
	objectVersion = 46;
	objects = {

/* Begin PBXBuildFile section */
		DA6E8C5D1E69500A009EFA98 /* main.m in Sources */ = {isa = PBXBuildFile; fileRef = DA6E8C5C1E69500A009EFA98 /* main.m */; };
		DA6E8C601E69500A009EFA98 /* AppDelegate.m in Sources */ = {isa = PBXBuildFile; fileRef = DA6E8C5F1E69500A009EFA98 /* AppDelegate.m */; };
		DA6E8C631E69500A009EFA98 /* ViewController.m in Sources */ = {isa = PBXBuildFile; fileRef = DA6E8C621E69500A009EFA98 /* ViewController.m */; };
		DA6E8C661E69500A009EFA98 /* Main.storyboard in Resources */ = {isa = PBXBuildFile; fileRef = DA6E8C641E69500A009EFA98 /* Main.storyboard */; };
		DA6E8C681E69500A009EFA98 /* Assets.xcassets in Resources */ = {isa = PBXBuildFile; fileRef = DA6E8C671E69500A009EFA98 /* Assets.xcassets */; };
		DA6E8C6B1E69500A009EFA98 /* LaunchScreen.storyboard in Resources */ = {isa = PBXBuildFile; fileRef = DA6E8C691E69500A009EFA98 /* LaunchScreen.storyboard */; };
		DA6E8C741E69531E009EFA98 /* TableViewCell.m in Sources */ = {isa = PBXBuildFile; fileRef = DA6E8C731E69531E009EFA98 /* TableViewCell.m */; };
		DA6E8C771E69532C009EFA98 /* CollectionViewCell.m in Sources */ = {isa = PBXBuildFile; fileRef = DA6E8C761E69532C009EFA98 /* CollectionViewCell.m */; };
/* End PBXBuildFile section */

/* Begin PBXFileReference section */
		DA6E8C581E69500A009EFA98 /* CollectionView in TableView.app */ = {isa = PBXFileReference; explicitFileType = wrapper.application; includeInIndex = 0; path = "CollectionView in TableView.app"; sourceTree = BUILT_PRODUCTS_DIR; };
		DA6E8C5C1E69500A009EFA98 /* main.m */ = {isa = PBXFileReference; lastKnownFileType = sourcecode.c.objc; path = main.m; sourceTree = "<group>"; };
		DA6E8C5E1E69500A009EFA98 /* AppDelegate.h */ = {isa = PBXFileReference; lastKnownFileType = sourcecode.c.h; path = AppDelegate.h; sourceTree = "<group>"; };
		DA6E8C5F1E69500A009EFA98 /* AppDelegate.m */ = {isa = PBXFileReference; lastKnownFileType = sourcecode.c.objc; path = AppDelegate.m; sourceTree = "<group>"; };
		DA6E8C611E69500A009EFA98 /* ViewController.h */ = {isa = PBXFileReference; lastKnownFileType = sourcecode.c.h; path = ViewController.h; sourceTree = "<group>"; };
		DA6E8C621E69500A009EFA98 /* ViewController.m */ = {isa = PBXFileReference; lastKnownFileType = sourcecode.c.objc; path = ViewController.m; sourceTree = "<group>"; };
		DA6E8C651E69500A009EFA98 /* Base */ = {isa = PBXFileReference; lastKnownFileType = file.storyboard; name = Base; path = Base.lproj/Main.storyboard; sourceTree = "<group>"; };
		DA6E8C671E69500A009EFA98 /* Assets.xcassets */ = {isa = PBXFileReference; lastKnownFileType = folder.assetcatalog; path = Assets.xcassets; sourceTree = "<group>"; };
		DA6E8C6A1E69500A009EFA98 /* Base */ = {isa = PBXFileReference; lastKnownFileType = file.storyboard; name = Base; path = Base.lproj/LaunchScreen.storyboard; sourceTree = "<group>"; };
		DA6E8C6C1E69500A009EFA98 /* Info.plist */ = {isa = PBXFileReference; lastKnownFileType = text.plist.xml; path = Info.plist; sourceTree = "<group>"; };
		DA6E8C721E69531E009EFA98 /* TableViewCell.h */ = {isa = PBXFileReference; fileEncoding = 4; lastKnownFileType = sourcecode.c.h; path = TableViewCell.h; sourceTree = "<group>"; };
		DA6E8C731E69531E009EFA98 /* TableViewCell.m */ = {isa = PBXFileReference; fileEncoding = 4; lastKnownFileType = sourcecode.c.objc; path = TableViewCell.m; sourceTree = "<group>"; };
		DA6E8C751E69532C009EFA98 /* CollectionViewCell.h */ = {isa = PBXFileReference; fileEncoding = 4; lastKnownFileType = sourcecode.c.h; path = CollectionViewCell.h; sourceTree = "<group>"; };
		DA6E8C761E69532C009EFA98 /* CollectionViewCell.m */ = {isa = PBXFileReference; fileEncoding = 4; lastKnownFileType = sourcecode.c.objc; path = CollectionViewCell.m; sourceTree = "<group>"; };
/* End PBXFileReference section */

/* Begin PBXFrameworksBuildPhase section */
		DA6E8C551E69500A009EFA98 /* Frameworks */ = {
			isa = PBXFrameworksBuildPhase;
			buildActionMask = 2147483647;
			files = (
			);
			runOnlyForDeploymentPostprocessing = 0;
		};
/* End PBXFrameworksBuildPhase section */

/* Begin PBXGroup section */
		DA6E8C4F1E69500A009EFA98 = {
			isa = PBXGroup;
			children = (
				DA6E8C5A1E69500A009EFA98 /* CollectionView in TableView */,
				DA6E8C591E69500A009EFA98 /* Products */,
			);
			sourceTree = "<group>";
		};
		DA6E8C591E69500A009EFA98 /* Products */ = {
			isa = PBXGroup;
			children = (
				DA6E8C581E69500A009EFA98 /* CollectionView in TableView.app */,
			);
			name = Products;
			sourceTree = "<group>";
		};
		DA6E8C5A1E69500A009EFA98 /* CollectionView in TableView */ = {
			isa = PBXGroup;
			children = (
				DA6E8C5E1E69500A009EFA98 /* AppDelegate.h */,
				DA6E8C5F1E69500A009EFA98 /* AppDelegate.m */,
				DA6E8C611E69500A009EFA98 /* ViewController.h */,
				DA6E8C621E69500A009EFA98 /* ViewController.m */,
				DA6E8C721E69531E009EFA98 /* TableViewCell.h */,
				DA6E8C731E69531E009EFA98 /* TableViewCell.m */,
				DA6E8C751E69532C009EFA98 /* CollectionViewCell.h */,
				DA6E8C761E69532C009EFA98 /* CollectionViewCell.m */,
				DA6E8C641E69500A009EFA98 /* Main.storyboard */,
				DA6E8C671E69500A009EFA98 /* Assets.xcassets */,
				DA6E8C691E69500A009EFA98 /* LaunchScreen.storyboard */,
				DA6E8C6C1E69500A009EFA98 /* Info.plist */,
				DA6E8C5B1E69500A009EFA98 /* Supporting Files */,
			);
			path = "CollectionView in TableView";
			sourceTree = "<group>";
		};
		DA6E8C5B1E69500A009EFA98 /* Supporting Files */ = {
			isa = PBXGroup;
			children = (
				DA6E8C5C1E69500A009EFA98 /* main.m */,
			);
			name = "Supporting Files";
			sourceTree = "<group>";
		};
/* End PBXGroup section */

/* Begin PBXNativeTarget section */
		DA6E8C571E69500A009EFA98 /* CollectionView in TableView */ = {
			isa = PBXNativeTarget;
			buildConfigurationList = DA6E8C6F1E69500A009EFA98 /* Build configuration list for PBXNativeTarget "CollectionView in TableView" */;
			buildPhases = (
				DA6E8C541E69500A009EFA98 /* Sources */,
				DA6E8C551E69500A009EFA98 /* Frameworks */,
				DA6E8C561E69500A009EFA98 /* Resources */,
			);
			buildRules = (
			);
			dependencies = (
			);
			name = "CollectionView in TableView";
			productName = "CollectionView in TableView";
			productReference = DA6E8C581E69500A009EFA98 /* CollectionView in TableView.app */;
			productType = "com.apple.product-type.application";
		};
/* End PBXNativeTarget section */

/* Begin PBXProject section */
		DA6E8C501E69500A009EFA98 /* Project object */ = {
			isa = PBXProject;
			attributes = {
				LastUpgradeCheck = 0820;
				ORGANIZATIONNAME = "Nagam Pawan";
				TargetAttributes = {
					DA6E8C571E69500A009EFA98 = {
						CreatedOnToolsVersion = 8.2.1;
						ProvisioningStyle = Automatic;
					};
				};
			};
			buildConfigurationList = DA6E8C531E69500A009EFA98 /* Build configuration list for PBXProject "CollectionView in TableView" */;
			compatibilityVersion = "Xcode 3.2";
			developmentRegion = English;
			hasScannedForEncodings = 0;
			knownRegions = (
				en,
				Base,
			);
			mainGroup = DA6E8C4F1E69500A009EFA98;
			productRefGroup = DA6E8C591E69500A009EFA98 /* Products */;
			projectDirPath = "";
			projectRoot = "";
			targets = (
				DA6E8C571E69500A009EFA98 /* CollectionView in TableView */,
			);
		};
/* End PBXProject section */

/* Begin PBXResourcesBuildPhase section */
		DA6E8C561E69500A009EFA98 /* Resources */ = {
			isa = PBXResourcesBuildPhase;
			buildActionMask = 2147483647;
			files = (
				DA6E8C6B1E69500A009EFA98 /* LaunchScreen.storyboard in Resources */,
				DA6E8C681E69500A009EFA98 /* Assets.xcassets in Resources */,
				DA6E8C661E69500A009EFA98 /* Main.storyboard in Resources */,
			);
			runOnlyForDeploymentPostprocessing = 0;
		};
/* End PBXResourcesBuildPhase section */

/* Begin PBXSourcesBuildPhase section */
		DA6E8C541E69500A009EFA98 /* Sources */ = {
			isa = PBXSourcesBuildPhase;
			buildActionMask = 2147483647;
			files = (
				DA6E8C631E69500A009EFA98 /* ViewController.m in Sources */,
				DA6E8C771E69532C009EFA98 /* CollectionViewCell.m in Sources */,
				DA6E8C741E69531E009EFA98 /* TableViewCell.m in Sources */,
				DA6E8C601E69500A009EFA98 /* AppDelegate.m in Sources */,
				DA6E8C5D1E69500A009EFA98 /* main.m in Sources */,
			);
			runOnlyForDeploymentPostprocessing = 0;
		};
/* End PBXSourcesBuildPhase section */

/* Begin PBXVariantGroup section */
		DA6E8C641E69500A009EFA98 /* Main.storyboard */ = {
			isa = PBXVariantGroup;
			children = (
				DA6E8C651E69500A009EFA98 /* Base */,
			);
			name = Main.storyboard;
			sourceTree = "<group>";
		};
		DA6E8C691E69500A009EFA98 /* LaunchScreen.storyboard */ = {
			isa = PBXVariantGroup;
			children = (
				DA6E8C6A1E69500A009EFA98 /* Base */,
			);
			name = LaunchScreen.storyboard;
			sourceTree = "<group>";
		};
/* End PBXVariantGroup section */

/* Begin XCBuildConfiguration section */
		DA6E8C6D1E69500A009EFA98 /* Debug */ = {
			isa = XCBuildConfiguration;
			buildSettings = {
				ALWAYS_SEARCH_USER_PATHS = NO;
				CLANG_ANALYZER_NONNULL = YES;
				CLANG_CXX_LANGUAGE_STANDARD = "gnu++0x";
				CLANG_CXX_LIBRARY = "libc++";
				CLANG_ENABLE_MODULES = YES;
				CLANG_ENABLE_OBJC_ARC = YES;
				CLANG_WARN_BOOL_CONVERSION = YES;
				CLANG_WARN_CONSTANT_CONVERSION = YES;
				CLANG_WARN_DIRECT_OBJC_ISA_USAGE = YES_ERROR;
				CLANG_WARN_DOCUMENTATION_COMMENTS = YES;
				CLANG_WARN_EMPTY_BODY = YES;
				CLANG_WARN_ENUM_CONVERSION = YES;
				CLANG_WARN_INFINITE_RECURSION = YES;
				CLANG_WARN_INT_CONVERSION = YES;
				CLANG_WARN_OBJC_ROOT_CLASS = YES_ERROR;
				CLANG_WARN_SUSPICIOUS_MOVE = YES;
				CLANG_WARN_UNREACHABLE_CODE = YES;
				CLANG_WARN__DUPLICATE_METHOD_MATCH = YES;
				"CODE_SIGN_IDENTITY[sdk=iphoneos*]" = "iPhone Developer";
				COPY_PHASE_STRIP = NO;
				DEBUG_INFORMATION_FORMAT = dwarf;
				ENABLE_STRICT_OBJC_MSGSEND = YES;
				ENABLE_TESTABILITY = YES;
				GCC_C_LANGUAGE_STANDARD = gnu99;
				GCC_DYNAMIC_NO_PIC = NO;
				GCC_NO_COMMON_BLOCKS = YES;
				GCC_OPTIMIZATION_LEVEL = 0;
				GCC_PREPROCESSOR_DEFINITIONS = (
					"DEBUG=1",
					"$(inherited)",
				);
				GCC_WARN_64_TO_32_BIT_CONVERSION = YES;
				GCC_WARN_ABOUT_RETURN_TYPE = YES_ERROR;
				GCC_WARN_UNDECLARED_SELECTOR = YES;
				GCC_WARN_UNINITIALIZED_AUTOS = YES_AGGRESSIVE;
				GCC_WARN_UNUSED_FUNCTION = YES;
				GCC_WARN_UNUSED_VARIABLE = YES;
				IPHONEOS_DEPLOYMENT_TARGET = 10.2;
				MTL_ENABLE_DEBUG_INFO = YES;
				ONLY_ACTIVE_ARCH = YES;
				SDKROOT = iphoneos;
				TARGETED_DEVICE_FAMILY = "1,2";
			};
			name = Debug;
		};
		DA6E8C6E1E69500A009EFA98 /* Release */ = {
			isa = XCBuildConfiguration;
			buildSettings = {
				ALWAYS_SEARCH_USER_PATHS = NO;
				CLANG_ANALYZER_NONNULL = YES;
				CLANG_CXX_LANGUAGE_STANDARD = "gnu++0x";
				CLANG_CXX_LIBRARY = "libc++";
				CLANG_ENABLE_MODULES = YES;
				CLANG_ENABLE_OBJC_ARC = YES;
				CLANG_WARN_BOOL_CONVERSION = YES;
				CLANG_WARN_CONSTANT_CONVERSION = YES;
				CLANG_WARN_DIRECT_OBJC_ISA_USAGE = YES_ERROR;
				CLANG_WARN_DOCUMENTATION_COMMENTS = YES;
				CLANG_WARN_EMPTY_BODY = YES;
				CLANG_WARN_ENUM_CONVERSION = YES;
				CLANG_WARN_INFINITE_RECURSION = YES;
				CLANG_WARN_INT_CONVERSION = YES;
				CLANG_WARN_OBJC_ROOT_CLASS = YES_ERROR;
				CLANG_WARN_SUSPICIOUS_MOVE = YES;
				CLANG_WARN_UNREACHABLE_CODE = YES;
				CLANG_WARN__DUPLICATE_METHOD_MATCH = YES;
				"CODE_SIGN_IDENTITY[sdk=iphoneos*]" = "iPhone Developer";
				COPY_PHASE_STRIP = NO;
				DEBUG_INFORMATION_FORMAT = "dwarf-with-dsym";
				ENABLE_NS_ASSERTIONS = NO;
				ENABLE_STRICT_OBJC_MSGSEND = YES;
				GCC_C_LANGUAGE_STANDARD = gnu99;
				GCC_NO_COMMON_BLOCKS = YES;
				GCC_WARN_64_TO_32_BIT_CONVERSION = YES;
				GCC_WARN_ABOUT_RETURN_TYPE = YES_ERROR;
				GCC_WARN_UNDECLARED_SELECTOR = YES;
				GCC_WARN_UNINITIALIZED_AUTOS = YES_AGGRESSIVE;
				GCC_WARN_UNUSED_FUNCTION = YES;
				GCC_WARN_UNUSED_VARIABLE = YES;
				IPHONEOS_DEPLOYMENT_TARGET = 10.2;
				MTL_ENABLE_DEBUG_INFO = NO;
				SDKROOT = iphoneos;
				TARGETED_DEVICE_FAMILY = "1,2";
				VALIDATE_PRODUCT = YES;
			};
			name = Release;
		};
		DA6E8C701E69500A009EFA98 /* Debug */ = {
			isa = XCBuildConfiguration;
			buildSettings = {
				ASSETCATALOG_COMPILER_APPICON_NAME = AppIcon;
				INFOPLIST_FILE = "CollectionView in TableView/Info.plist";
				LD_RUNPATH_SEARCH_PATHS = "$(inherited) @executable_path/Frameworks";
				PRODUCT_BUNDLE_IDENTIFIER = "Neorays.CollectionView-in-TableView";
				PRODUCT_NAME = "$(TARGET_NAME)";
			};
			name = Debug;
		};
		DA6E8C711E69500A009EFA98 /* Release */ = {
			isa = XCBuildConfiguration;
			buildSettings = {
				ASSETCATALOG_COMPILER_APPICON_NAME = AppIcon;
				INFOPLIST_FILE = "CollectionView in TableView/Info.plist";
				LD_RUNPATH_SEARCH_PATHS = "$(inherited) @executable_path/Frameworks";
				PRODUCT_BUNDLE_IDENTIFIER = "Neorays.CollectionView-in-TableView";
				PRODUCT_NAME = "$(TARGET_NAME)";
			};
			name = Release;
		};
/* End XCBuildConfiguration section */

/* Begin XCConfigurationList section */
		DA6E8C531E69500A009EFA98 /* Build configuration list for PBXProject "CollectionView in TableView" */ = {
			isa = XCConfigurationList;
			buildConfigurations = (
				DA6E8C6D1E69500A009EFA98 /* Debug */,
				DA6E8C6E1E69500A009EFA98 /* Release */,
			);
			defaultConfigurationIsVisible = 0;
			defaultConfigurationName = Release;
		};
		DA6E8C6F1E69500A009EFA98 /* Build configuration list for PBXNativeTarget "CollectionView in TableView" */ = {
			isa = XCConfigurationList;
			buildConfigurations = (
				DA6E8C701E69500A009EFA98 /* Debug */,
				DA6E8C711E69500A009EFA98 /* Release */,
			);
			defaultConfigurationIsVisible = 0;
		};
/* End XCConfigurationList section */
	};
	rootObject = DA6E8C501E69500A009EFA98 /* Project object */;
}
